
Microsoft Visual Studio Solution File, Format Version 12.00
# Visual Studio Version 16
VisualStudioVersion = 16.0.30907.101
MinimumVisualStudioVersion = 10.0.40219.1
Project("{FAE04EC0-301F-11D3-BF4B-00C04F79EFBC}") = "GameProject_Oop", "GameProject_Oop\GameProject_Oop.csproj", "{7CAA4D67-9D08-4FB0-B76D-BAFC0BBA46CF}"
EndProject
Global
	GlobalSection(SolutionConfigurationPlatforms) = preSolution
		Debug|Any CPU = Debug|Any CPU
		Release|Any CPU = Release|Any CPU
	EndGlobalSection
	GlobalSection(ProjectConfigurationPlatforms) = postSolution
		{7CAA4D67-9D08-4FB0-B76D-BAFC0BBA46CF}.Debug|Any CPU.ActiveCfg = Debug|Any CPU
		{7CAA4D67-9D08-4FB0-B76D-BAFC0BBA46CF}.Debug|Any CPU.Build.0 = Debug|Any CPU
		{7CAA4D67-9D08-4FB0-B76D-BAFC0BBA46CF}.Release|Any CPU.ActiveCfg = Release|Any CPU
		{7CAA4D67-9D08-4FB0-B76D-BAFC0BBA46CF}.Release|Any CPU.Build.0 = Release|Any CPU
	EndGlobalSection
	GlobalSection(SolutionProperties) = preSolution
		HideSolutionNode = FALSE
	EndGlobalSection
	GlobalSection(ExtensibilityGlobals) = postSolution
		SolutionGuid = {9FDBE1F4-87F6-4000-86A6-4C1AEF90DDEC}
	EndGlobalSection
EndGlobal
